# This file is autogenerated, do not edit; changes may be undone by the next 'dep ensure'.


[[projects]]
  digest = "1:5c3894b2aa4d6bead0ceeea6831b305d62879c871780e7b76296ded1b004bc57"
  name = "cloud.google.com/go"
  packages = ["compute/metadata"]
  pruneopts = "UT"
  revision = "1fd54cf41e6e0e178ffe3c52b0e2260281f603e3"
  version = "v0.32.0"

[[projects]]
  branch = "master"
  digest = "1:1260718a3aef0468afc388c489ff6e8fc405331005e3506c65fca50b34fe836f"
  name = "github.com/danilopolani/gocialite"
  packages = [
    "drivers",
    "structs",
  ]
  pruneopts = "UT"
  revision = "b634b3ae5d60e3ed38d3bd2a08641584765bc9d4"

[[projects]]
  digest = "1:76dc72490af7174349349838f2fe118996381b31ea83243812a97e5a0fd5ed55"
  name = "github.com/dgrijalva/jwt-go"
  packages = ["."]
  pruneopts = "UT"
  revision = "06ea1031745cb8b3dab3f6a236daf2b0aa468b7e"
  version = "v3.2.0"

[[projects]]
  digest = "1:97df918963298c287643883209a2c3f642e6593379f97ab400c2a2e219ab647d"
  name = "github.com/golang/protobuf"
  packages = ["proto"]
  pruneopts = "UT"
  revision = "aa810b61a9c79d51363740d207bb46cf8e620ed5"
  version = "v1.2.0"

[[projects]]
  digest = "1:38ec74012390146c45af1f92d46e5382b50531247929ff3a685d2b2be65155ac"
  name = "github.com/gomodule/redigo"
  packages = [
    "internal",
    "redis",
  ]
  pruneopts = "UT"
  revision = "9c11da706d9b7902c6da69c592f75637793fe121"
  version = "v2.0.0"

[[projects]]
  digest = "1:c79fb010be38a59d657c48c6ba1d003a8aa651fa56b579d959d74573b7dff8e1"
  name = "github.com/gorilla/context"
  packages = ["."]
  pruneopts = "UT"
  revision = "08b5f424b9271eedf6f9f0ce86cb9396ed337a42"
  version = "v1.1.1"

[[projects]]
  digest = "1:e73f5b0152105f18bc131fba127d9949305c8693f8a762588a82a48f61756f5f"
  name = "github.com/gorilla/mux"
  packages = ["."]
  pruneopts = "UT"
  revision = "e3702bed27f0d39777b0b37b664b6280e8ef8fbf"
  version = "v1.6.2"

[[projects]]
  branch = "master"
  digest = "1:d6b719875cf8091fbab38527d81d34e71f4521b9ee9ccfbd4a32cff2ac5af96e"
  name = "golang.org/x/net"
  packages = [
    "context",
    "context/ctxhttp",
  ]
  pruneopts = "UT"
  revision = "03003ca0c849e57b6ea29a4bab8d3cb6e4d568fe"

[[projects]]
  branch = "master"
  digest = "1:e07165a04c61592d465e904669bde53395baccfaed499cc9fa5d9ee320c6f306"
  name = "golang.org/x/oauth2"
  packages = [
    ".",
    "amazon",
    "bitbucket",
    "facebook",
    "foursquare",
    "github",
    "google",
    "internal",
    "jws",
    "jwt",
    "linkedin",
    "slack",
  ]
  pruneopts = "UT"
  revision = "f42d05182288abf10faef86d16c0d07b8d40ea2d"

[[projects]]
  digest = "1:d2a8db567a76203e3b41c1f632d86485ffd57f8e650a0d1b19d240671c2fddd7"
  name = "google.golang.org/appengine"
  packages = [
    ".",
    "internal",
    "internal/app_identity",
    "internal/base",
    "internal/datastore",
    "internal/log",
    "internal/modules",
    "internal/remote_api",
    "internal/urlfetch",
    "urlfetch",
  ]
  pruneopts = "UT"
  revision = "4a4468ece617fc8205e99368fa2200e9d1fad421"
  version = "v1.3.0"

[[projects]]
  branch = "master"
  digest = "1:72405668b2da11b2973b42b8c90879bb20ceba65694a88dcb97c1f3c8c25c83f"
  name = "gopkg.in/danilopolani/gocialite.v0"
  packages = ["."]
  pruneopts = "UT"
  revision = "b634b3ae5d60e3ed38d3bd2a08641584765bc9d4"

[[projects]]
  digest = "1:1919e36a53e2297eca9d3516ca358dec92257fe0de3361351e09400c91d65d5e"
  name = "gopkg.in/oleiade/reflections.v1"
  packages = ["."]
  pruneopts = "UT"
  revision = "2b6ec3da648e3e834dc41bad8d9ed7f2dc6a9496"
  version = "v1.0.0"

[solve-meta]
  analyzer-name = "dep"
  analyzer-version = 1
  input-imports = [
    "github.com/danilopolani/gocialite/structs",
    "github.com/dgrijalva/jwt-go",
    "github.com/gomodule/redigo/redis",
    "github.com/gorilla/mux",
    "golang.org/x/oauth2",
    "gopkg.in/danilopolani/gocialite.v0",
  ]
  solver-name = "gps-cdcl"
  solver-version = 1
